// !$*UTF8*$!
{
	archiveVersion = 1;
	classes = {
	};
	objectVersion = 56;
	objects = {

/* Begin PBXBuildFile section */
		D5CD6B022C0E6E190073080B /* MoonShotApp.swift in Sources */ = {isa = PBXBuildFile; fileRef = D5CD6B012C0E6E190073080B /* MoonShotApp.swift */; };
		D5CD6B042C0E6E190073080B /* ContentView.swift in Sources */ = {isa = PBXBuildFile; fileRef = D5CD6B032C0E6E190073080B /* ContentView.swift */; };
		D5CD6B062C0E6E1A0073080B /* Assets.xcassets in Resources */ = {isa = PBXBuildFile; fileRef = D5CD6B052C0E6E1A0073080B /* Assets.xcassets */; };
		D5CD6B092C0E6E1A0073080B /* Preview Assets.xcassets in Resources */ = {isa = PBXBuildFile; fileRef = D5CD6B082C0E6E1A0073080B /* Preview Assets.xcassets */; };
		D5CD6B112C0F60F30073080B /* missions.json in Resources */ = {isa = PBXBuildFile; fileRef = D5CD6B0F2C0F60F30073080B /* missions.json */; };
		D5CD6B122C0F60F30073080B /* astronauts.json in Resources */ = {isa = PBXBuildFile; fileRef = D5CD6B102C0F60F30073080B /* astronauts.json */; };
		D5CD6B142C0F61670073080B /* Astronaut.swift in Sources */ = {isa = PBXBuildFile; fileRef = D5CD6B132C0F61670073080B /* Astronaut.swift */; };
		D5CD6B162C0F61FA0073080B /* Bundle-Decodable.swift in Sources */ = {isa = PBXBuildFile; fileRef = D5CD6B152C0F61FA0073080B /* Bundle-Decodable.swift */; };
		D5CD6B182C0F6BBB0073080B /* Mission.swift in Sources */ = {isa = PBXBuildFile; fileRef = D5CD6B172C0F6BBB0073080B /* Mission.swift */; };
		D5CD6B1A2C0F7E2C0073080B /* Colour-Theme.swift in Sources */ = {isa = PBXBuildFile; fileRef = D5CD6B192C0F7E2C0073080B /* Colour-Theme.swift */; };
		D5CD6B1C2C0FB83D0073080B /* MissionView.swift in Sources */ = {isa = PBXBuildFile; fileRef = D5CD6B1B2C0FB83D0073080B /* MissionView.swift */; };
/* End PBXBuildFile section */

/* Begin PBXFileReference section */
		D5CD6AFE2C0E6E190073080B /* MoonShot.app */ = {isa = PBXFileReference; explicitFileType = wrapper.application; includeInIndex = 0; path = MoonShot.app; sourceTree = BUILT_PRODUCTS_DIR; };
		D5CD6B012C0E6E190073080B /* MoonShotApp.swift */ = {isa = PBXFileReference; lastKnownFileType = sourcecode.swift; path = MoonShotApp.swift; sourceTree = "<group>"; };
		D5CD6B032C0E6E190073080B /* ContentView.swift */ = {isa = PBXFileReference; lastKnownFileType = sourcecode.swift; path = ContentView.swift; sourceTree = "<group>"; };
		D5CD6B052C0E6E1A0073080B /* Assets.xcassets */ = {isa = PBXFileReference; lastKnownFileType = folder.assetcatalog; path = Assets.xcassets; sourceTree = "<group>"; };
		D5CD6B082C0E6E1A0073080B /* Preview Assets.xcassets */ = {isa = PBXFileReference; lastKnownFileType = folder.assetcatalog; path = "Preview Assets.xcassets"; sourceTree = "<group>"; };
		D5CD6B0F2C0F60F30073080B /* missions.json */ = {isa = PBXFileReference; fileEncoding = 4; lastKnownFileType = text.json; path = missions.json; sourceTree = "<group>"; };
		D5CD6B102C0F60F30073080B /* astronauts.json */ = {isa = PBXFileReference; fileEncoding = 4; lastKnownFileType = text.json; path = astronauts.json; sourceTree = "<group>"; };
		D5CD6B132C0F61670073080B /* Astronaut.swift */ = {isa = PBXFileReference; lastKnownFileType = sourcecode.swift; path = Astronaut.swift; sourceTree = "<group>"; };
		D5CD6B152C0F61FA0073080B /* Bundle-Decodable.swift */ = {isa = PBXFileReference; lastKnownFileType = sourcecode.swift; path = "Bundle-Decodable.swift"; sourceTree = "<group>"; };
		D5CD6B172C0F6BBB0073080B /* Mission.swift */ = {isa = PBXFileReference; lastKnownFileType = sourcecode.swift; path = Mission.swift; sourceTree = "<group>"; };
		D5CD6B192C0F7E2C0073080B /* Colour-Theme.swift */ = {isa = PBXFileReference; lastKnownFileType = sourcecode.swift; path = "Colour-Theme.swift"; sourceTree = "<group>"; };
		D5CD6B1B2C0FB83D0073080B /* MissionView.swift */ = {isa = PBXFileReference; lastKnownFileType = sourcecode.swift; path = MissionView.swift; sourceTree = "<group>"; };
/* End PBXFileReference section */

/* Begin PBXFrameworksBuildPhase section */
		D5CD6AFB2C0E6E190073080B /* Frameworks */ = {
			isa = PBXFrameworksBuildPhase;
			buildActionMask = 2147483647;
			files = (
			);
			runOnlyForDeploymentPostprocessing = 0;
		};
/* End PBXFrameworksBuildPhase section */

/* Begin PBXGroup section */
		D5CD6AF52C0E6E190073080B = {
			isa = PBXGroup;
			children = (
				D5CD6B002C0E6E190073080B /* MoonShot */,
				D5CD6AFF2C0E6E190073080B /* Products */,
			);
			sourceTree = "<group>";
		};
		D5CD6AFF2C0E6E190073080B /* Products */ = {
			isa = PBXGroup;
			children = (
				D5CD6AFE2C0E6E190073080B /* MoonShot.app */,
			);
			name = Products;
			sourceTree = "<group>";
		};
		D5CD6B002C0E6E190073080B /* MoonShot */ = {
			isa = PBXGroup;
			children = (
				D5CD6B012C0E6E190073080B /* MoonShotApp.swift */,
				D5CD6B032C0E6E190073080B /* ContentView.swift */,
				D5CD6B102C0F60F30073080B /* astronauts.json */,
				D5CD6B132C0F61670073080B /* Astronaut.swift */,
				D5CD6B152C0F61FA0073080B /* Bundle-Decodable.swift */,
				D5CD6B1B2C0FB83D0073080B /* MissionView.swift */,
				D5CD6B0F2C0F60F30073080B /* missions.json */,
				D5CD6B172C0F6BBB0073080B /* Mission.swift */,
				D5CD6B052C0E6E1A0073080B /* Assets.xcassets */,
				D5CD6B192C0F7E2C0073080B /* Colour-Theme.swift */,
				D5CD6B072C0E6E1A0073080B /* Preview Content */,
			);
			path = MoonShot;
			sourceTree = "<group>";
		};
		D5CD6B072C0E6E1A0073080B /* Preview Content */ = {
			isa = PBXGroup;
			children = (
				D5CD6B082C0E6E1A0073080B /* Preview Assets.xcassets */,
			);
			path = "Preview Content";
			sourceTree = "<group>";
		};
/* End PBXGroup section */

/* Begin PBXNativeTarget section */
		D5CD6AFD2C0E6E190073080B /* MoonShot */ = {
			isa = PBXNativeTarget;
			buildConfigurationList = D5CD6B0C2C0E6E1A0073080B /* Build configuration list for PBXNativeTarget "MoonShot" */;
			buildPhases = (
				D5CD6AFA2C0E6E190073080B /* Sources */,
				D5CD6AFB2C0E6E190073080B /* Frameworks */,
				D5CD6AFC2C0E6E190073080B /* Resources */,
			);
			buildRules = (
			);
			dependencies = (
			);
			name = MoonShot;
			productName = MoonShot;
			productReference = D5CD6AFE2C0E6E190073080B /* MoonShot.app */;
			productType = "com.apple.product-type.application";
		};
/* End PBXNativeTarget section */

/* Begin PBXProject section */
		D5CD6AF62C0E6E190073080B /* Project object */ = {
			isa = PBXProject;
			attributes = {
				BuildIndependentTargetsInParallel = 1;
				LastSwiftUpdateCheck = 1530;
				LastUpgradeCheck = 1530;
				TargetAttributes = {
					D5CD6AFD2C0E6E190073080B = {
						CreatedOnToolsVersion = 15.3;
					};
				};
			};
			buildConfigurationList = D5CD6AF92C0E6E190073080B /* Build configuration list for PBXProject "MoonShot" */;
			compatibilityVersion = "Xcode 14.0";
			developmentRegion = en;
			hasScannedForEncodings = 0;
			knownRegions = (
				en,
				Base,
			);
			mainGroup = D5CD6AF52C0E6E190073080B;
			productRefGroup = D5CD6AFF2C0E6E190073080B /* Products */;
			projectDirPath = "";
			projectRoot = "";
			targets = (
				D5CD6AFD2C0E6E190073080B /* MoonShot */,
			);
		};
/* End PBXProject section */

/* Begin PBXResourcesBuildPhase section */
		D5CD6AFC2C0E6E190073080B /* Resources */ = {
			isa = PBXResourcesBuildPhase;
			buildActionMask = 2147483647;
			files = (
				D5CD6B092C0E6E1A0073080B /* Preview Assets.xcassets in Resources */,
				D5CD6B112C0F60F30073080B /* missions.json in Resources */,
				D5CD6B062C0E6E1A0073080B /* Assets.xcassets in Resources */,
				D5CD6B122C0F60F30073080B /* astronauts.json in Resources */,
			);
			runOnlyForDeploymentPostprocessing = 0;
		};
/* End PBXResourcesBuildPhase section */

/* Begin PBXSourcesBuildPhase section */
		D5CD6AFA2C0E6E190073080B /* Sources */ = {
			isa = PBXSourcesBuildPhase;
			buildActionMask = 2147483647;
			files = (
				D5CD6B1C2C0FB83D0073080B /* MissionView.swift in Sources */,
				D5CD6B142C0F61670073080B /* Astronaut.swift in Sources */,
				D5CD6B1A2C0F7E2C0073080B /* Colour-Theme.swift in Sources */,
				D5CD6B042C0E6E190073080B /* ContentView.swift in Sources */,
				D5CD6B022C0E6E190073080B /* MoonShotApp.swift in Sources */,
				D5CD6B182C0F6BBB0073080B /* Mission.swift in Sources */,
				D5CD6B162C0F61FA0073080B /* Bundle-Decodable.swift in Sources */,
			);
			runOnlyForDeploymentPostprocessing = 0;
		};
/* End PBXSourcesBuildPhase section */

/* Begin XCBuildConfiguration section */
		D5CD6B0A2C0E6E1A0073080B /* Debug */ = {
			isa = XCBuildConfiguration;
			buildSettings = {
				ALWAYS_SEARCH_USER_PATHS = NO;
				ASSETCATALOG_COMPILER_GENERATE_SWIFT_ASSET_SYMBOL_EXTENSIONS = YES;
				CLANG_ANALYZER_NONNULL = YES;
				CLANG_ANALYZER_NUMBER_OBJECT_CONVERSION = YES_AGGRESSIVE;
				CLANG_CXX_LANGUAGE_STANDARD = "gnu++20";
				CLANG_ENABLE_MODULES = YES;
				CLANG_ENABLE_OBJC_ARC = YES;
				CLANG_ENABLE_OBJC_WEAK = YES;
				CLANG_WARN_BLOCK_CAPTURE_AUTORELEASING = YES;
				CLANG_WARN_BOOL_CONVERSION = YES;
				CLANG_WARN_COMMA = YES;
				CLANG_WARN_CONSTANT_CONVERSION = YES;
				CLANG_WARN_DEPRECATED_OBJC_IMPLEMENTATIONS = YES;
				CLANG_WARN_DIRECT_OBJC_ISA_USAGE = YES_ERROR;
				CLANG_WARN_DOCUMENTATION_COMMENTS = YES;
				CLANG_WARN_EMPTY_BODY = YES;
				CLANG_WARN_ENUM_CONVERSION = YES;
				CLANG_WARN_INFINITE_RECURSION = YES;
				CLANG_WARN_INT_CONVERSION = YES;
				CLANG_WARN_NON_LITERAL_NULL_CONVERSION = YES;
				CLANG_WARN_OBJC_IMPLICIT_RETAIN_SELF = YES;
				CLANG_WARN_OBJC_LITERAL_CONVERSION = YES;
				CLANG_WARN_OBJC_ROOT_CLASS = YES_ERROR;
				CLANG_WARN_QUOTED_INCLUDE_IN_FRAMEWORK_HEADER = YES;
				CLANG_WARN_RANGE_LOOP_ANALYSIS = YES;
				CLANG_WARN_STRICT_PROTOTYPES = YES;
				CLANG_WARN_SUSPICIOUS_MOVE = YES;
				CLANG_WARN_UNGUARDED_AVAILABILITY = YES_AGGRESSIVE;
				CLANG_WARN_UNREACHABLE_CODE = YES;
				CLANG_WARN__DUPLICATE_METHOD_MATCH = YES;
				COPY_PHASE_STRIP = NO;
				DEBUG_INFORMATION_FORMAT = dwarf;
				ENABLE_STRICT_OBJC_MSGSEND = YES;
				ENABLE_TESTABILITY = YES;
				ENABLE_USER_SCRIPT_SANDBOXING = YES;
				GCC_C_LANGUAGE_STANDARD = gnu17;
				GCC_DYNAMIC_NO_PIC = NO;
				GCC_NO_COMMON_BLOCKS = YES;
				GCC_OPTIMIZATION_LEVEL = 0;
				GCC_PREPROCESSOR_DEFINITIONS = (
					"DEBUG=1",
					"$(inherited)",
				);
				GCC_WARN_64_TO_32_BIT_CONVERSION = YES;
				GCC_WARN_ABOUT_RETURN_TYPE = YES_ERROR;
				GCC_WARN_UNDECLARED_SELECTOR = YES;
				GCC_WARN_UNINITIALIZED_AUTOS = YES_AGGRESSIVE;
				GCC_WARN_UNUSED_FUNCTION = YES;
				GCC_WARN_UNUSED_VARIABLE = YES;
				IPHONEOS_DEPLOYMENT_TARGET = 17.4;
				LOCALIZATION_PREFERS_STRING_CATALOGS = YES;
				MTL_ENABLE_DEBUG_INFO = INCLUDE_SOURCE;
				MTL_FAST_MATH = YES;
				ONLY_ACTIVE_ARCH = YES;
				SDKROOT = iphoneos;
				SWIFT_ACTIVE_COMPILATION_CONDITIONS = "DEBUG $(inherited)";
				SWIFT_OPTIMIZATION_LEVEL = "-Onone";
			};
			name = Debug;
		};
		D5CD6B0B2C0E6E1A0073080B /* Release */ = {
			isa = XCBuildConfiguration;
			buildSettings = {
				ALWAYS_SEARCH_USER_PATHS = NO;
				ASSETCATALOG_COMPILER_GENERATE_SWIFT_ASSET_SYMBOL_EXTENSIONS = YES;
				CLANG_ANALYZER_NONNULL = YES;
				CLANG_ANALYZER_NUMBER_OBJECT_CONVERSION = YES_AGGRESSIVE;
				CLANG_CXX_LANGUAGE_STANDARD = "gnu++20";
				CLANG_ENABLE_MODULES = YES;
				CLANG_ENABLE_OBJC_ARC = YES;
				CLANG_ENABLE_OBJC_WEAK = YES;
				CLANG_WARN_BLOCK_CAPTURE_AUTORELEASING = YES;
				CLANG_WARN_BOOL_CONVERSION = YES;
				CLANG_WARN_COMMA = YES;
				CLANG_WARN_CONSTANT_CONVERSION = YES;
				CLANG_WARN_DEPRECATED_OBJC_IMPLEMENTATIONS = YES;
				CLANG_WARN_DIRECT_OBJC_ISA_USAGE = YES_ERROR;
				CLANG_WARN_DOCUMENTATION_COMMENTS = YES;
				CLANG_WARN_EMPTY_BODY = YES;
				CLANG_WARN_ENUM_CONVERSION = YES;
				CLANG_WARN_INFINITE_RECURSION = YES;
				CLANG_WARN_INT_CONVERSION = YES;
				CLANG_WARN_NON_LITERAL_NULL_CONVERSION = YES;
				CLANG_WARN_OBJC_IMPLICIT_RETAIN_SELF = YES;
				CLANG_WARN_OBJC_LITERAL_CONVERSION = YES;
				CLANG_WARN_OBJC_ROOT_CLASS = YES_ERROR;
				CLANG_WARN_QUOTED_INCLUDE_IN_FRAMEWORK_HEADER = YES;
				CLANG_WARN_RANGE_LOOP_ANALYSIS = YES;
				CLANG_WARN_STRICT_PROTOTYPES = YES;
				CLANG_WARN_SUSPICIOUS_MOVE = YES;
				CLANG_WARN_UNGUARDED_AVAILABILITY = YES_AGGRESSIVE;
				CLANG_WARN_UNREACHABLE_CODE = YES;
				CLANG_WARN__DUPLICATE_METHOD_MATCH = YES;
				COPY_PHASE_STRIP = NO;
				DEBUG_INFORMATION_FORMAT = "dwarf-with-dsym";
				ENABLE_NS_ASSERTIONS = NO;
				ENABLE_STRICT_OBJC_MSGSEND = YES;
				ENABLE_USER_SCRIPT_SANDBOXING = YES;
				GCC_C_LANGUAGE_STANDARD = gnu17;
				GCC_NO_COMMON_BLOCKS = YES;
				GCC_WARN_64_TO_32_BIT_CONVERSION = YES;
				GCC_WARN_ABOUT_RETURN_TYPE = YES_ERROR;
				GCC_WARN_UNDECLARED_SELECTOR = YES;
				GCC_WARN_UNINITIALIZED_AUTOS = YES_AGGRESSIVE;
				GCC_WARN_UNUSED_FUNCTION = YES;
				GCC_WARN_UNUSED_VARIABLE = YES;
				IPHONEOS_DEPLOYMENT_TARGET = 17.4;
				LOCALIZATION_PREFERS_STRING_CATALOGS = YES;
				MTL_ENABLE_DEBUG_INFO = NO;
				MTL_FAST_MATH = YES;
				SDKROOT = iphoneos;
				SWIFT_COMPILATION_MODE = wholemodule;
				VALIDATE_PRODUCT = YES;
			};
			name = Release;
		};
		D5CD6B0D2C0E6E1A0073080B /* Debug */ = {
			isa = XCBuildConfiguration;
			buildSettings = {
				ASSETCATALOG_COMPILER_APPICON_NAME = AppIcon;
				ASSETCATALOG_COMPILER_GLOBAL_ACCENT_COLOR_NAME = AccentColor;
				CODE_SIGN_STYLE = Automatic;
				CURRENT_PROJECT_VERSION = 1;
				DEVELOPMENT_ASSET_PATHS = "\"MoonShot/Preview Content\"";
				DEVELOPMENT_TEAM = ZJC8SV6Q33;
				ENABLE_PREVIEWS = YES;
				GENERATE_INFOPLIST_FILE = YES;
				INFOPLIST_KEY_UIApplicationSceneManifest_Generation = YES;
				INFOPLIST_KEY_UIApplicationSupportsIndirectInputEvents = YES;
				INFOPLIST_KEY_UILaunchScreen_Generation = YES;
				INFOPLIST_KEY_UISupportedInterfaceOrientations_iPad = "UIInterfaceOrientationPortrait UIInterfaceOrientationPortraitUpsideDown UIInterfaceOrientationLandscapeLeft UIInterfaceOrientationLandscapeRight";
				INFOPLIST_KEY_UISupportedInterfaceOrientations_iPhone = "UIInterfaceOrientationPortrait UIInterfaceOrientationLandscapeLeft UIInterfaceOrientationLandscapeRight";
				LD_RUNPATH_SEARCH_PATHS = (
					"$(inherited)",
					"@executable_path/Frameworks",
				);
				MARKETING_VERSION = 1.0;
				PRODUCT_BUNDLE_IDENTIFIER = com.mehmetalpsonmez.MoonShot;
				PRODUCT_NAME = "$(TARGET_NAME)";
				SWIFT_EMIT_LOC_STRINGS = YES;
				SWIFT_VERSION = 5.0;
				TARGETED_DEVICE_FAMILY = "1,2";
			};
			name = Debug;
		};
		D5CD6B0E2C0E6E1A0073080B /* Release */ = {
			isa = XCBuildConfiguration;
			buildSettings = {
				ASSETCATALOG_COMPILER_APPICON_NAME = AppIcon;
				ASSETCATALOG_COMPILER_GLOBAL_ACCENT_COLOR_NAME = AccentColor;
				CODE_SIGN_STYLE = Automatic;
				CURRENT_PROJECT_VERSION = 1;
				DEVELOPMENT_ASSET_PATHS = "\"MoonShot/Preview Content\"";
				DEVELOPMENT_TEAM = ZJC8SV6Q33;
				ENABLE_PREVIEWS = YES;
				GENERATE_INFOPLIST_FILE = YES;
				INFOPLIST_KEY_UIApplicationSceneManifest_Generation = YES;
				INFOPLIST_KEY_UIApplicationSupportsIndirectInputEvents = YES;
				INFOPLIST_KEY_UILaunchScreen_Generation = YES;
				INFOPLIST_KEY_UISupportedInterfaceOrientations_iPad = "UIInterfaceOrientationPortrait UIInterfaceOrientationPortraitUpsideDown UIInterfaceOrientationLandscapeLeft UIInterfaceOrientationLandscapeRight";
				INFOPLIST_KEY_UISupportedInterfaceOrientations_iPhone = "UIInterfaceOrientationPortrait UIInterfaceOrientationLandscapeLeft UIInterfaceOrientationLandscapeRight";
				LD_RUNPATH_SEARCH_PATHS = (
					"$(inherited)",
					"@executable_path/Frameworks",
				);
				MARKETING_VERSION = 1.0;
				PRODUCT_BUNDLE_IDENTIFIER = com.mehmetalpsonmez.MoonShot;
				PRODUCT_NAME = "$(TARGET_NAME)";
				SWIFT_EMIT_LOC_STRINGS = YES;
				SWIFT_VERSION = 5.0;
				TARGETED_DEVICE_FAMILY = "1,2";
			};
			name = Release;
		};
/* End XCBuildConfiguration section */

/* Begin XCConfigurationList section */
		D5CD6AF92C0E6E190073080B /* Build configuration list for PBXProject "MoonShot" */ = {
			isa = XCConfigurationList;
			buildConfigurations = (
				D5CD6B0A2C0E6E1A0073080B /* Debug */,
				D5CD6B0B2C0E6E1A0073080B /* Release */,
			);
			defaultConfigurationIsVisible = 0;
			defaultConfigurationName = Release;
		};
		D5CD6B0C2C0E6E1A0073080B /* Build configuration list for PBXNativeTarget "MoonShot" */ = {
			isa = XCConfigurationList;
			buildConfigurations = (
				D5CD6B0D2C0E6E1A0073080B /* Debug */,
				D5CD6B0E2C0E6E1A0073080B /* Release */,
			);
			defaultConfigurationIsVisible = 0;
			defaultConfigurationName = Release;
		};
/* End XCConfigurationList section */
	};
	rootObject = D5CD6AF62C0E6E190073080B /* Project object */;
}
